<?xml version="1.0" encoding="utf-8"?>
<Project ToolsVersion="4.0" xmlns="http://schemas.microsoft.com/developer/msbuild/2003">
  <ItemGroup>
    <ClInclude Include="data\api.hpp">
      <Filter>data</Filter>
    </ClInclude>
    <ClInclude Include="data\lazy.hpp">
      <Filter>data</Filter>
    </ClInclude>
    <ClInclude Include="data\value.hpp">
      <Filter>data</Filter>
    </ClInclude>
  </ItemGroup>
  <ItemGroup>
    <Filter Include="data">
      <UniqueIdentifier>{c935c051-467f-4560-948f-e377c00a157c}</UniqueIdentifier>
    </Filter>
    <Filter Include="source">
      <UniqueIdentifier>{a16a449f-8eea-40f0-a7d4-33ed05fe6b73}</UniqueIdentifier>
    </Filter>
  </ItemGroup>
  <ItemGroup>
    <ClCompile Include="source\value.cpp">
      <Filter>source</Filter>
    </ClCompile>
  </ItemGroup>
</Project>