<?xml version="1.0" encoding="utf-8"?>
<Project ToolsVersion="4.0" xmlns="http://schemas.microsoft.com/developer/msbuild/2003">
  <ItemGroup>
    <Filter Include="unittest">
      <UniqueIdentifier>{37751b89-83f5-43b2-a121-1b6d7b6d3e48}</UniqueIdentifier>
    </Filter>
  </ItemGroup>
  <ItemGroup>
    <ClCompile Include="unittest\test_lazy.cpp">
      <Filter>unittest</Filter>
    </ClCompile>
    <ClCompile Include="unittest\runtest.cpp">
      <Filter>unittest</Filter>
    </ClCompile>
  </ItemGroup>
</Project>